// !$*UTF8*$!
{
	archiveVersion = 1;
	classes = {
	};
	objectVersion = 56;
	objects = {

/* Begin PBXBuildFile section */
		0C29CEF32B35D19D0022D550 /* SignUpVC.swift in Sources */ = {isa = PBXBuildFile; fileRef = 0C29CEF12B35D19D0022D550 /* SignUpVC.swift */; };
		0C29CEF42B35D19D0022D550 /* SignUpVC.xib in Resources */ = {isa = PBXBuildFile; fileRef = 0C29CEF22B35D19D0022D550 /* SignUpVC.xib */; };
		0C29CEF82B35DBB00022D550 /* UserProfileVC.swift in Sources */ = {isa = PBXBuildFile; fileRef = 0C29CEF62B35DBB00022D550 /* UserProfileVC.swift */; };
		0C29CEF92B35DBB00022D550 /* UserProfileVC.xib in Resources */ = {isa = PBXBuildFile; fileRef = 0C29CEF72B35DBB00022D550 /* UserProfileVC.xib */; };
		0C29CEFB2B35DD7E0022D550 /* GoogleService-Info.plist in Resources */ = {isa = PBXBuildFile; fileRef = 0C29CEFA2B35DD7E0022D550 /* GoogleService-Info.plist */; };
		0C29CF0A2B35DF8F0022D550 /* GoogleSignIn in Frameworks */ = {isa = PBXBuildFile; productRef = 0C29CF092B35DF8F0022D550 /* GoogleSignIn */; };
		0C29CF0C2B35DF8F0022D550 /* GoogleSignInSwift in Frameworks */ = {isa = PBXBuildFile; productRef = 0C29CF0B2B35DF8F0022D550 /* GoogleSignInSwift */; };
		0C29CF102B35F7DD0022D550 /* FirebaseAuth in Frameworks */ = {isa = PBXBuildFile; productRef = 0C29CF0F2B35F7DD0022D550 /* FirebaseAuth */; };
		0C29CF122B35F7DD0022D550 /* FirebaseCrashlytics in Frameworks */ = {isa = PBXBuildFile; productRef = 0C29CF112B35F7DD0022D550 /* FirebaseCrashlytics */; };
		0C29CF142B35F7DD0022D550 /* FirebaseDatabase in Frameworks */ = {isa = PBXBuildFile; productRef = 0C29CF132B35F7DD0022D550 /* FirebaseDatabase */; };
		0C29CF162B35F7DD0022D550 /* FirebaseDatabaseSwift in Frameworks */ = {isa = PBXBuildFile; productRef = 0C29CF152B35F7DD0022D550 /* FirebaseDatabaseSwift */; };
		0C29CF182B35F7DD0022D550 /* FirebaseFirestore in Frameworks */ = {isa = PBXBuildFile; productRef = 0C29CF172B35F7DD0022D550 /* FirebaseFirestore */; };
		0C29CF1A2B35F7DD0022D550 /* FirebaseStorage in Frameworks */ = {isa = PBXBuildFile; productRef = 0C29CF192B35F7DD0022D550 /* FirebaseStorage */; };
		0C29CF1D2B35FA540022D550 /* FacebookAEM in Frameworks */ = {isa = PBXBuildFile; productRef = 0C29CF1C2B35FA540022D550 /* FacebookAEM */; };
		0C29CF1F2B35FA540022D550 /* FacebookBasics in Frameworks */ = {isa = PBXBuildFile; productRef = 0C29CF1E2B35FA540022D550 /* FacebookBasics */; };
		0C29CF212B35FA540022D550 /* FacebookCore in Frameworks */ = {isa = PBXBuildFile; productRef = 0C29CF202B35FA540022D550 /* FacebookCore */; };
		0C29CF232B35FA540022D550 /* FacebookGamingServices in Frameworks */ = {isa = PBXBuildFile; productRef = 0C29CF222B35FA540022D550 /* FacebookGamingServices */; };
		0C29CF252B35FA540022D550 /* FacebookLogin in Frameworks */ = {isa = PBXBuildFile; productRef = 0C29CF242B35FA540022D550 /* FacebookLogin */; };
		0C29CF272B35FA540022D550 /* FacebookShare in Frameworks */ = {isa = PBXBuildFile; productRef = 0C29CF262B35FA540022D550 /* FacebookShare */; };
		0C29CF2A2B35FC4D0022D550 /* FirebaseAnalytics in Frameworks */ = {isa = PBXBuildFile; productRef = 0C29CF292B35FC4D0022D550 /* FirebaseAnalytics */; };
		0C48DD172B3710CA00874E56 /* GalleryCell.swift in Sources */ = {isa = PBXBuildFile; fileRef = 0C48DD152B3710CA00874E56 /* GalleryCell.swift */; };
		0C48DD182B3710CA00874E56 /* GalleryCell.xib in Resources */ = {isa = PBXBuildFile; fileRef = 0C48DD162B3710CA00874E56 /* GalleryCell.xib */; };
		0CA983812B30CB42006E289B /* UIView + Corners.swift in Sources */ = {isa = PBXBuildFile; fileRef = 0CA983802B30CB42006E289B /* UIView + Corners.swift */; };
		0CA983852B30CCF1006E289B /* PostCell.swift in Sources */ = {isa = PBXBuildFile; fileRef = 0CA983832B30CCF1006E289B /* PostCell.swift */; };
		0CA983862B30CCF1006E289B /* PostCell.xib in Resources */ = {isa = PBXBuildFile; fileRef = 0CA983842B30CCF1006E289B /* PostCell.xib */; };
		0CA9838A2B30D2DE006E289B /* StoriesCell.swift in Sources */ = {isa = PBXBuildFile; fileRef = 0CA983882B30D2DE006E289B /* StoriesCell.swift */; };
		0CA9838B2B30D2DE006E289B /* StoriesCell.xib in Resources */ = {isa = PBXBuildFile; fileRef = 0CA983892B30D2DE006E289B /* StoriesCell.xib */; };
		0CA9838E2B30D3DA006E289B /* Story.swift in Sources */ = {isa = PBXBuildFile; fileRef = 0CA9838D2B30D3DA006E289B /* Story.swift */; };
		0CA983902B30D5B2006E289B /* Post.swift in Sources */ = {isa = PBXBuildFile; fileRef = 0CA9838F2B30D5B2006E289B /* Post.swift */; };
		0CDA5EBC2B238A79009DB729 /* AppDelegate.swift in Sources */ = {isa = PBXBuildFile; fileRef = 0CDA5EBB2B238A79009DB729 /* AppDelegate.swift */; };
		0CDA5EBE2B238A79009DB729 /* SceneDelegate.swift in Sources */ = {isa = PBXBuildFile; fileRef = 0CDA5EBD2B238A79009DB729 /* SceneDelegate.swift */; };
		0CDA5EC52B238A7A009DB729 /* Assets.xcassets in Resources */ = {isa = PBXBuildFile; fileRef = 0CDA5EC42B238A7A009DB729 /* Assets.xcassets */; };
		0CDA5EC82B238A7A009DB729 /* LaunchScreen.storyboard in Resources */ = {isa = PBXBuildFile; fileRef = 0CDA5EC62B238A7A009DB729 /* LaunchScreen.storyboard */; };
		0CDA5ED62B238B11009DB729 /* SplashVC.swift in Sources */ = {isa = PBXBuildFile; fileRef = 0CDA5ED42B238B11009DB729 /* SplashVC.swift */; };
		0CDA5ED72B238B11009DB729 /* SplashVC.xib in Resources */ = {isa = PBXBuildFile; fileRef = 0CDA5ED52B238B11009DB729 /* SplashVC.xib */; };
		0CDA5EDA2B238BF4009DB729 /* IntroVC.swift in Sources */ = {isa = PBXBuildFile; fileRef = 0CDA5ED82B238BF4009DB729 /* IntroVC.swift */; };
		0CDA5EDB2B238BF4009DB729 /* IntroVC.xib in Resources */ = {isa = PBXBuildFile; fileRef = 0CDA5ED92B238BF4009DB729 /* IntroVC.xib */; };
		0CDA5EDE2B239299009DB729 /* HomeVC.swift in Sources */ = {isa = PBXBuildFile; fileRef = 0CDA5EDC2B239299009DB729 /* HomeVC.swift */; };
		0CDA5EDF2B239299009DB729 /* HomeVC.xib in Resources */ = {isa = PBXBuildFile; fileRef = 0CDA5EDD2B239299009DB729 /* HomeVC.xib */; };
		0CE063B72B278AA2002D50A8 /* NibVC.swift in Sources */ = {isa = PBXBuildFile; fileRef = 0CE063B62B278AA2002D50A8 /* NibVC.swift */; };
		0CE063B92B278B53002D50A8 /* TabBarVC.swift in Sources */ = {isa = PBXBuildFile; fileRef = 0CE063B82B278B53002D50A8 /* TabBarVC.swift */; };
		0CE063BB2B278B81002D50A8 /* NavBarVC.swift in Sources */ = {isa = PBXBuildFile; fileRef = 0CE063BA2B278B81002D50A8 /* NavBarVC.swift */; };
		0CE063C12B278EF3002D50A8 /* RootRouter.swift in Sources */ = {isa = PBXBuildFile; fileRef = 0CE063C02B278EF3002D50A8 /* RootRouter.swift */; };
		0CE063C42B279053002D50A8 /* ProfileVC.swift in Sources */ = {isa = PBXBuildFile; fileRef = 0CE063C22B279053002D50A8 /* ProfileVC.swift */; };
		0CE063C52B279053002D50A8 /* ProfileVC.xib in Resources */ = {isa = PBXBuildFile; fileRef = 0CE063C32B279053002D50A8 /* ProfileVC.xib */; };
		0CE063CA2B27942E002D50A8 /* StoryCell.swift in Sources */ = {isa = PBXBuildFile; fileRef = 0CE063C82B27942E002D50A8 /* StoryCell.swift */; };
		0CE063CB2B27942E002D50A8 /* StoryCell.xib in Resources */ = {isa = PBXBuildFile; fileRef = 0CE063C92B27942E002D50A8 /* StoryCell.xib */; };
/* End PBXBuildFile section */

/* Begin PBXFileReference section */
		0C29CEF12B35D19D0022D550 /* SignUpVC.swift */ = {isa = PBXFileReference; lastKnownFileType = sourcecode.swift; path = SignUpVC.swift; sourceTree = "<group>"; };
		0C29CEF22B35D19D0022D550 /* SignUpVC.xib */ = {isa = PBXFileReference; lastKnownFileType = file.xib; path = SignUpVC.xib; sourceTree = "<group>"; };
		0C29CEF62B35DBB00022D550 /* UserProfileVC.swift */ = {isa = PBXFileReference; lastKnownFileType = sourcecode.swift; path = UserProfileVC.swift; sourceTree = "<group>"; };
		0C29CEF72B35DBB00022D550 /* UserProfileVC.xib */ = {isa = PBXFileReference; lastKnownFileType = file.xib; path = UserProfileVC.xib; sourceTree = "<group>"; };
		0C29CEFA2B35DD7E0022D550 /* GoogleService-Info.plist */ = {isa = PBXFileReference; lastKnownFileType = text.plist.xml; name = "GoogleService-Info.plist"; path = "Instgram/View/Resourses/GoogleService-Info.plist"; sourceTree = SOURCE_ROOT; };
		0C48DD152B3710CA00874E56 /* GalleryCell.swift */ = {isa = PBXFileReference; lastKnownFileType = sourcecode.swift; path = GalleryCell.swift; sourceTree = "<group>"; };
		0C48DD162B3710CA00874E56 /* GalleryCell.xib */ = {isa = PBXFileReference; lastKnownFileType = file.xib; path = GalleryCell.xib; sourceTree = "<group>"; };
		0CA983802B30CB42006E289B /* UIView + Corners.swift */ = {isa = PBXFileReference; lastKnownFileType = sourcecode.swift; path = "UIView + Corners.swift"; sourceTree = "<group>"; };
		0CA983832B30CCF1006E289B /* PostCell.swift */ = {isa = PBXFileReference; lastKnownFileType = sourcecode.swift; path = PostCell.swift; sourceTree = "<group>"; };
		0CA983842B30CCF1006E289B /* PostCell.xib */ = {isa = PBXFileReference; lastKnownFileType = file.xib; path = PostCell.xib; sourceTree = "<group>"; };
		0CA983882B30D2DE006E289B /* StoriesCell.swift */ = {isa = PBXFileReference; lastKnownFileType = sourcecode.swift; path = StoriesCell.swift; sourceTree = "<group>"; };
		0CA983892B30D2DE006E289B /* StoriesCell.xib */ = {isa = PBXFileReference; lastKnownFileType = file.xib; path = StoriesCell.xib; sourceTree = "<group>"; };
		0CA9838D2B30D3DA006E289B /* Story.swift */ = {isa = PBXFileReference; lastKnownFileType = sourcecode.swift; path = Story.swift; sourceTree = "<group>"; };
		0CA9838F2B30D5B2006E289B /* Post.swift */ = {isa = PBXFileReference; lastKnownFileType = sourcecode.swift; path = Post.swift; sourceTree = "<group>"; };
		0CDA5EB82B238A79009DB729 /* Instgram.app */ = {isa = PBXFileReference; explicitFileType = wrapper.application; includeInIndex = 0; path = Instgram.app; sourceTree = BUILT_PRODUCTS_DIR; };
		0CDA5EBB2B238A79009DB729 /* AppDelegate.swift */ = {isa = PBXFileReference; lastKnownFileType = sourcecode.swift; path = AppDelegate.swift; sourceTree = "<group>"; };
		0CDA5EBD2B238A79009DB729 /* SceneDelegate.swift */ = {isa = PBXFileReference; lastKnownFileType = sourcecode.swift; path = SceneDelegate.swift; sourceTree = "<group>"; };
		0CDA5EC42B238A7A009DB729 /* Assets.xcassets */ = {isa = PBXFileReference; lastKnownFileType = folder.assetcatalog; path = Assets.xcassets; sourceTree = "<group>"; };
		0CDA5EC72B238A7A009DB729 /* Base */ = {isa = PBXFileReference; lastKnownFileType = file.storyboard; name = Base; path = Base.lproj/LaunchScreen.storyboard; sourceTree = "<group>"; };
		0CDA5EC92B238A7A009DB729 /* Info.plist */ = {isa = PBXFileReference; lastKnownFileType = text.plist.xml; path = Info.plist; sourceTree = "<group>"; };
		0CDA5ED42B238B11009DB729 /* SplashVC.swift */ = {isa = PBXFileReference; lastKnownFileType = sourcecode.swift; path = SplashVC.swift; sourceTree = "<group>"; };
		0CDA5ED52B238B11009DB729 /* SplashVC.xib */ = {isa = PBXFileReference; lastKnownFileType = file.xib; path = SplashVC.xib; sourceTree = "<group>"; };
		0CDA5ED82B238BF4009DB729 /* IntroVC.swift */ = {isa = PBXFileReference; lastKnownFileType = sourcecode.swift; path = IntroVC.swift; sourceTree = "<group>"; };
		0CDA5ED92B238BF4009DB729 /* IntroVC.xib */ = {isa = PBXFileReference; lastKnownFileType = file.xib; path = IntroVC.xib; sourceTree = "<group>"; };
		0CDA5EDC2B239299009DB729 /* HomeVC.swift */ = {isa = PBXFileReference; lastKnownFileType = sourcecode.swift; path = HomeVC.swift; sourceTree = "<group>"; };
		0CDA5EDD2B239299009DB729 /* HomeVC.xib */ = {isa = PBXFileReference; lastKnownFileType = file.xib; path = HomeVC.xib; sourceTree = "<group>"; };
		0CE063B62B278AA2002D50A8 /* NibVC.swift */ = {isa = PBXFileReference; lastKnownFileType = sourcecode.swift; path = NibVC.swift; sourceTree = "<group>"; };
		0CE063B82B278B53002D50A8 /* TabBarVC.swift */ = {isa = PBXFileReference; lastKnownFileType = sourcecode.swift; path = TabBarVC.swift; sourceTree = "<group>"; };
		0CE063BA2B278B81002D50A8 /* NavBarVC.swift */ = {isa = PBXFileReference; lastKnownFileType = sourcecode.swift; path = NavBarVC.swift; sourceTree = "<group>"; };
		0CE063C02B278EF3002D50A8 /* RootRouter.swift */ = {isa = PBXFileReference; lastKnownFileType = sourcecode.swift; path = RootRouter.swift; sourceTree = "<group>"; };
		0CE063C22B279053002D50A8 /* ProfileVC.swift */ = {isa = PBXFileReference; lastKnownFileType = sourcecode.swift; path = ProfileVC.swift; sourceTree = "<group>"; };
		0CE063C32B279053002D50A8 /* ProfileVC.xib */ = {isa = PBXFileReference; lastKnownFileType = file.xib; path = ProfileVC.xib; sourceTree = "<group>"; };
		0CE063C82B27942E002D50A8 /* StoryCell.swift */ = {isa = PBXFileReference; lastKnownFileType = sourcecode.swift; path = StoryCell.swift; sourceTree = "<group>"; };
		0CE063C92B27942E002D50A8 /* StoryCell.xib */ = {isa = PBXFileReference; lastKnownFileType = file.xib; path = StoryCell.xib; sourceTree = "<group>"; };
/* End PBXFileReference section */

/* Begin PBXFrameworksBuildPhase section */
		0CDA5EB52B238A79009DB729 /* Frameworks */ = {
			isa = PBXFrameworksBuildPhase;
			buildActionMask = 2147483647;
			files = (
				0C29CF1D2B35FA540022D550 /* FacebookAEM in Frameworks */,
				0C29CF162B35F7DD0022D550 /* FirebaseDatabaseSwift in Frameworks */,
				0C29CF142B35F7DD0022D550 /* FirebaseDatabase in Frameworks */,
				0C29CF232B35FA540022D550 /* FacebookGamingServices in Frameworks */,
				0C29CF0C2B35DF8F0022D550 /* GoogleSignInSwift in Frameworks */,
				0C29CF212B35FA540022D550 /* FacebookCore in Frameworks */,
				0C29CF272B35FA540022D550 /* FacebookShare in Frameworks */,
				0C29CF122B35F7DD0022D550 /* FirebaseCrashlytics in Frameworks */,
				0C29CF2A2B35FC4D0022D550 /* FirebaseAnalytics in Frameworks */,
				0C29CF252B35FA540022D550 /* FacebookLogin in Frameworks */,
				0C29CF102B35F7DD0022D550 /* FirebaseAuth in Frameworks */,
				0C29CF1A2B35F7DD0022D550 /* FirebaseStorage in Frameworks */,
				0C29CF1F2B35FA540022D550 /* FacebookBasics in Frameworks */,
				0C29CF0A2B35DF8F0022D550 /* GoogleSignIn in Frameworks */,
				0C29CF182B35F7DD0022D550 /* FirebaseFirestore in Frameworks */,
			);
			runOnlyForDeploymentPostprocessing = 0;
		};
/* End PBXFrameworksBuildPhase section */

/* Begin PBXGroup section */
		0C29CEF02B35D1310022D550 /* SignUp */ = {
			isa = PBXGroup;
			children = (
				0C29CEF12B35D19D0022D550 /* SignUpVC.swift */,
				0C29CEF22B35D19D0022D550 /* SignUpVC.xib */,
			);
			path = SignUp;
			sourceTree = "<group>";
		};
		0C29CEF52B35DB940022D550 /* UserProfile */ = {
			isa = PBXGroup;
			children = (
				0C29CEF62B35DBB00022D550 /* UserProfileVC.swift */,
				0C29CEF72B35DBB00022D550 /* UserProfileVC.xib */,
			);
			path = UserProfile;
			sourceTree = "<group>";
		};
		0C29CF072B35DEDF0022D550 /* Launch */ = {
			isa = PBXGroup;
			children = (
				0CDA5EC62B238A7A009DB729 /* LaunchScreen.storyboard */,
			);
			path = Launch;
			sourceTree = "<group>";
		};
		0C29CF0D2B35E44D0022D550 /* Resourses */ = {
			isa = PBXGroup;
			children = (
				0C29CEFA2B35DD7E0022D550 /* GoogleService-Info.plist */,
				0CDA5EC42B238A7A009DB729 /* Assets.xcassets */,
			);
			path = Resourses;
			sourceTree = "<group>";
		};
		0C29CF282B35FC4D0022D550 /* Frameworks */ = {
			isa = PBXGroup;
			children = (
			);
			name = Frameworks;
			sourceTree = "<group>";
		};
		0C48DD142B3710A300874E56 /* GalleryCell */ = {
			isa = PBXGroup;
			children = (
				0C48DD152B3710CA00874E56 /* GalleryCell.swift */,
				0C48DD162B3710CA00874E56 /* GalleryCell.xib */,
			);
			path = GalleryCell;
			sourceTree = "<group>";
		};
		0CA983822B30CCC3006E289B /* PostCell */ = {
			isa = PBXGroup;
			children = (
				0CA983832B30CCF1006E289B /* PostCell.swift */,
				0CA983842B30CCF1006E289B /* PostCell.xib */,
			);
			path = PostCell;
			sourceTree = "<group>";
		};
		0CA983872B30D29F006E289B /* StoriesCell */ = {
			isa = PBXGroup;
			children = (
				0CA983882B30D2DE006E289B /* StoriesCell.swift */,
				0CA983892B30D2DE006E289B /* StoriesCell.xib */,
			);
			path = StoriesCell;
			sourceTree = "<group>";
		};
		0CA9838C2B30D3C8006E289B /* Networking */ = {
			isa = PBXGroup;
			children = (
				0CA9838D2B30D3DA006E289B /* Story.swift */,
				0CA9838F2B30D5B2006E289B /* Post.swift */,
			);
			path = Networking;
			sourceTree = "<group>";
		};
		0CDA5EAF2B238A79009DB729 = {
			isa = PBXGroup;
			children = (
				0CDA5EBA2B238A79009DB729 /* Instgram */,
				0CDA5EB92B238A79009DB729 /* Products */,
				0C29CF282B35FC4D0022D550 /* Frameworks */,
			);
			sourceTree = "<group>";
		};
		0CDA5EB92B238A79009DB729 /* Products */ = {
			isa = PBXGroup;
			children = (
				0CDA5EB82B238A79009DB729 /* Instgram.app */,
			);
			name = Products;
			sourceTree = "<group>";
		};
		0CDA5EBA2B238A79009DB729 /* Instgram */ = {
			isa = PBXGroup;
			children = (
				0CDA5ED12B238AAA009DB729 /* View */,
				0CDA5EC92B238A7A009DB729 /* Info.plist */,
			);
			path = Instgram;
			sourceTree = "<group>";
		};
		0CDA5ED12B238AAA009DB729 /* View */ = {
			isa = PBXGroup;
			children = (
				0C29CF0D2B35E44D0022D550 /* Resourses */,
				0CA9838C2B30D3C8006E289B /* Networking */,
				0CE063C72B279191002D50A8 /* App */,
				0CE063BC2B278E5E002D50A8 /* Modules */,
				0CE063B52B278A8E002D50A8 /* Helper */,
			);
			path = View;
			sourceTree = "<group>";
		};
		0CE063B52B278A8E002D50A8 /* Helper */ = {
			isa = PBXGroup;
			children = (
				0CE063B62B278AA2002D50A8 /* NibVC.swift */,
				0CE063B82B278B53002D50A8 /* TabBarVC.swift */,
				0CE063BA2B278B81002D50A8 /* NavBarVC.swift */,
				0CE063C02B278EF3002D50A8 /* RootRouter.swift */,
				0CA983802B30CB42006E289B /* UIView + Corners.swift */,
			);
			path = Helper;
			sourceTree = "<group>";
		};
		0CE063BC2B278E5E002D50A8 /* Modules */ = {
			isa = PBXGroup;
			children = (
				0C29CF072B35DEDF0022D550 /* Launch */,
				0CE063BD2B278E66002D50A8 /* Splash */,
				0CE063BF2B278E86002D50A8 /* Intro */,
				0C29CEF02B35D1310022D550 /* SignUp */,
				0CE063C62B279057002D50A8 /* Profile */,
				0CE063BE2B278E74002D50A8 /* Home */,
				0C29CEF52B35DB940022D550 /* UserProfile */,
			);
			path = Modules;
			sourceTree = "<group>";
		};
		0CE063BD2B278E66002D50A8 /* Splash */ = {
			isa = PBXGroup;
			children = (
				0CDA5ED52B238B11009DB729 /* SplashVC.xib */,
				0CDA5ED42B238B11009DB729 /* SplashVC.swift */,
			);
			path = Splash;
			sourceTree = "<group>";
		};
		0CE063BE2B278E74002D50A8 /* Home */ = {
			isa = PBXGroup;
			children = (
				0CA983872B30D29F006E289B /* StoriesCell */,
				0CA983822B30CCC3006E289B /* PostCell */,
				0CE063CC2B279438002D50A8 /* StoryCell */,
				0CDA5EDC2B239299009DB729 /* HomeVC.swift */,
				0CDA5EDD2B239299009DB729 /* HomeVC.xib */,
			);
			path = Home;
			sourceTree = "<group>";
		};
		0CE063BF2B278E86002D50A8 /* Intro */ = {
			isa = PBXGroup;
			children = (
				0CDA5ED82B238BF4009DB729 /* IntroVC.swift */,
				0CDA5ED92B238BF4009DB729 /* IntroVC.xib */,
			);
			path = Intro;
			sourceTree = "<group>";
		};
		0CE063C62B279057002D50A8 /* Profile */ = {
			isa = PBXGroup;
			children = (
				0C48DD142B3710A300874E56 /* GalleryCell */,
				0CE063C32B279053002D50A8 /* ProfileVC.xib */,
				0CE063C22B279053002D50A8 /* ProfileVC.swift */,
			);
			path = Profile;
			sourceTree = "<group>";
		};
		0CE063C72B279191002D50A8 /* App */ = {
			isa = PBXGroup;
			children = (
				0CDA5EBB2B238A79009DB729 /* AppDelegate.swift */,
				0CDA5EBD2B238A79009DB729 /* SceneDelegate.swift */,
			);
			path = App;
			sourceTree = "<group>";
		};
		0CE063CC2B279438002D50A8 /* StoryCell */ = {
			isa = PBXGroup;
			children = (
				0CE063C82B27942E002D50A8 /* StoryCell.swift */,
				0CE063C92B27942E002D50A8 /* StoryCell.xib */,
			);
			path = StoryCell;
			sourceTree = "<group>";
		};
/* End PBXGroup section */

/* Begin PBXNativeTarget section */
		0CDA5EB72B238A79009DB729 /* Instgram */ = {
			isa = PBXNativeTarget;
			buildConfigurationList = 0CDA5ECC2B238A7A009DB729 /* Build configuration list for PBXNativeTarget "Instgram" */;
			buildPhases = (
				0CDA5EB42B238A79009DB729 /* Sources */,
				0CDA5EB52B238A79009DB729 /* Frameworks */,
				0CDA5EB62B238A79009DB729 /* Resources */,
			);
			buildRules = (
			);
			dependencies = (
			);
			name = Instgram;
			packageProductDependencies = (
				0C29CF092B35DF8F0022D550 /* GoogleSignIn */,
				0C29CF0B2B35DF8F0022D550 /* GoogleSignInSwift */,
				0C29CF0F2B35F7DD0022D550 /* FirebaseAuth */,
				0C29CF112B35F7DD0022D550 /* FirebaseCrashlytics */,
				0C29CF132B35F7DD0022D550 /* FirebaseDatabase */,
				0C29CF152B35F7DD0022D550 /* FirebaseDatabaseSwift */,
				0C29CF172B35F7DD0022D550 /* FirebaseFirestore */,
				0C29CF192B35F7DD0022D550 /* FirebaseStorage */,
				0C29CF1C2B35FA540022D550 /* FacebookAEM */,
				0C29CF1E2B35FA540022D550 /* FacebookBasics */,
				0C29CF202B35FA540022D550 /* FacebookCore */,
				0C29CF222B35FA540022D550 /* FacebookGamingServices */,
				0C29CF242B35FA540022D550 /* FacebookLogin */,
				0C29CF262B35FA540022D550 /* FacebookShare */,
				0C29CF292B35FC4D0022D550 /* FirebaseAnalytics */,
			);
			productName = Instgram;
			productReference = 0CDA5EB82B238A79009DB729 /* Instgram.app */;
			productType = "com.apple.product-type.application";
		};
/* End PBXNativeTarget section */

/* Begin PBXProject section */
		0CDA5EB02B238A79009DB729 /* Project object */ = {
			isa = PBXProject;
			attributes = {
				BuildIndependentTargetsInParallel = 1;
				LastSwiftUpdateCheck = 1410;
				LastUpgradeCheck = 1410;
				TargetAttributes = {
					0CDA5EB72B238A79009DB729 = {
						CreatedOnToolsVersion = 14.1;
					};
				};
			};
			buildConfigurationList = 0CDA5EB32B238A79009DB729 /* Build configuration list for PBXProject "Instgram" */;
			compatibilityVersion = "Xcode 14.0";
			developmentRegion = en;
			hasScannedForEncodings = 0;
			knownRegions = (
				en,
				Base,
			);
			mainGroup = 0CDA5EAF2B238A79009DB729;
			packageReferences = (
				0C29CF082B35DF8F0022D550 /* XCRemoteSwiftPackageReference "GoogleSignIn-iOS" */,
				0C29CF0E2B35F7DD0022D550 /* XCRemoteSwiftPackageReference "firebase-ios-sdk" */,
				0C29CF1B2B35FA540022D550 /* XCRemoteSwiftPackageReference "facebook-ios-sdk" */,
			);
			productRefGroup = 0CDA5EB92B238A79009DB729 /* Products */;
			projectDirPath = "";
			projectRoot = "";
			targets = (
				0CDA5EB72B238A79009DB729 /* Instgram */,
			);
		};
/* End PBXProject section */

/* Begin PBXResourcesBuildPhase section */
		0CDA5EB62B238A79009DB729 /* Resources */ = {
			isa = PBXResourcesBuildPhase;
			buildActionMask = 2147483647;
			files = (
				0C48DD182B3710CA00874E56 /* GalleryCell.xib in Resources */,
				0CA9838B2B30D2DE006E289B /* StoriesCell.xib in Resources */,
				0CDA5EC82B238A7A009DB729 /* LaunchScreen.storyboard in Resources */,
				0C29CEF42B35D19D0022D550 /* SignUpVC.xib in Resources */,
				0CDA5EDF2B239299009DB729 /* HomeVC.xib in Resources */,
				0CDA5ED72B238B11009DB729 /* SplashVC.xib in Resources */,
				0C29CEFB2B35DD7E0022D550 /* GoogleService-Info.plist in Resources */,
				0CA983862B30CCF1006E289B /* PostCell.xib in Resources */,
				0CE063CB2B27942E002D50A8 /* StoryCell.xib in Resources */,
				0CDA5EC52B238A7A009DB729 /* Assets.xcassets in Resources */,
				0C29CEF92B35DBB00022D550 /* UserProfileVC.xib in Resources */,
				0CE063C52B279053002D50A8 /* ProfileVC.xib in Resources */,
				0CDA5EDB2B238BF4009DB729 /* IntroVC.xib in Resources */,
			);
			runOnlyForDeploymentPostprocessing = 0;
		};
/* End PBXResourcesBuildPhase section */

/* Begin PBXSourcesBuildPhase section */
		0CDA5EB42B238A79009DB729 /* Sources */ = {
			isa = PBXSourcesBuildPhase;
			buildActionMask = 2147483647;
			files = (
				0CDA5EDA2B238BF4009DB729 /* IntroVC.swift in Sources */,
				0CA983812B30CB42006E289B /* UIView + Corners.swift in Sources */,
				0CA983852B30CCF1006E289B /* PostCell.swift in Sources */,
				0CE063BB2B278B81002D50A8 /* NavBarVC.swift in Sources */,
				0CA9838E2B30D3DA006E289B /* Story.swift in Sources */,
				0C29CEF82B35DBB00022D550 /* UserProfileVC.swift in Sources */,
				0CDA5ED62B238B11009DB729 /* SplashVC.swift in Sources */,
				0CDA5EDE2B239299009DB729 /* HomeVC.swift in Sources */,
				0CDA5EBC2B238A79009DB729 /* AppDelegate.swift in Sources */,
				0CE063C12B278EF3002D50A8 /* RootRouter.swift in Sources */,
				0CDA5EBE2B238A79009DB729 /* SceneDelegate.swift in Sources */,
				0CA9838A2B30D2DE006E289B /* StoriesCell.swift in Sources */,
				0CA983902B30D5B2006E289B /* Post.swift in Sources */,
				0CE063B92B278B53002D50A8 /* TabBarVC.swift in Sources */,
				0CE063C42B279053002D50A8 /* ProfileVC.swift in Sources */,
				0C48DD172B3710CA00874E56 /* GalleryCell.swift in Sources */,
				0CE063CA2B27942E002D50A8 /* StoryCell.swift in Sources */,
				0CE063B72B278AA2002D50A8 /* NibVC.swift in Sources */,
				0C29CEF32B35D19D0022D550 /* SignUpVC.swift in Sources */,
			);
			runOnlyForDeploymentPostprocessing = 0;
		};
/* End PBXSourcesBuildPhase section */

/* Begin PBXVariantGroup section */
		0CDA5EC62B238A7A009DB729 /* LaunchScreen.storyboard */ = {
			isa = PBXVariantGroup;
			children = (
				0CDA5EC72B238A7A009DB729 /* Base */,
			);
			name = LaunchScreen.storyboard;
			sourceTree = "<group>";
		};
/* End PBXVariantGroup section */

/* Begin XCBuildConfiguration section */
		0CDA5ECA2B238A7A009DB729 /* Debug */ = {
			isa = XCBuildConfiguration;
			buildSettings = {
				ALWAYS_SEARCH_USER_PATHS = NO;
				CLANG_ANALYZER_NONNULL = YES;
				CLANG_ANALYZER_NUMBER_OBJECT_CONVERSION = YES_AGGRESSIVE;
				CLANG_CXX_LANGUAGE_STANDARD = "gnu++20";
				CLANG_ENABLE_MODULES = YES;
				CLANG_ENABLE_OBJC_ARC = YES;
				CLANG_ENABLE_OBJC_WEAK = YES;
				CLANG_WARN_BLOCK_CAPTURE_AUTORELEASING = YES;
				CLANG_WARN_BOOL_CONVERSION = YES;
				CLANG_WARN_COMMA = YES;
				CLANG_WARN_CONSTANT_CONVERSION = YES;
				CLANG_WARN_DEPRECATED_OBJC_IMPLEMENTATIONS = YES;
				CLANG_WARN_DIRECT_OBJC_ISA_USAGE = YES_ERROR;
				CLANG_WARN_DOCUMENTATION_COMMENTS = YES;
				CLANG_WARN_EMPTY_BODY = YES;
				CLANG_WARN_ENUM_CONVERSION = YES;
				CLANG_WARN_INFINITE_RECURSION = YES;
				CLANG_WARN_INT_CONVERSION = YES;
				CLANG_WARN_NON_LITERAL_NULL_CONVERSION = YES;
				CLANG_WARN_OBJC_IMPLICIT_RETAIN_SELF = YES;
				CLANG_WARN_OBJC_LITERAL_CONVERSION = YES;
				CLANG_WARN_OBJC_ROOT_CLASS = YES_ERROR;
				CLANG_WARN_QUOTED_INCLUDE_IN_FRAMEWORK_HEADER = YES;
				CLANG_WARN_RANGE_LOOP_ANALYSIS = YES;
				CLANG_WARN_STRICT_PROTOTYPES = YES;
				CLANG_WARN_SUSPICIOUS_MOVE = YES;
				CLANG_WARN_UNGUARDED_AVAILABILITY = YES_AGGRESSIVE;
				CLANG_WARN_UNREACHABLE_CODE = YES;
				CLANG_WARN__DUPLICATE_METHOD_MATCH = YES;
				COPY_PHASE_STRIP = NO;
				DEBUG_INFORMATION_FORMAT = dwarf;
				ENABLE_STRICT_OBJC_MSGSEND = YES;
				ENABLE_TESTABILITY = YES;
				GCC_C_LANGUAGE_STANDARD = gnu11;
				GCC_DYNAMIC_NO_PIC = NO;
				GCC_NO_COMMON_BLOCKS = YES;
				GCC_OPTIMIZATION_LEVEL = 0;
				GCC_PREPROCESSOR_DEFINITIONS = (
					"DEBUG=1",
					"$(inherited)",
				);
				GCC_WARN_64_TO_32_BIT_CONVERSION = YES;
				GCC_WARN_ABOUT_RETURN_TYPE = YES_ERROR;
				GCC_WARN_UNDECLARED_SELECTOR = YES;
				GCC_WARN_UNINITIALIZED_AUTOS = YES_AGGRESSIVE;
				GCC_WARN_UNUSED_FUNCTION = YES;
				GCC_WARN_UNUSED_VARIABLE = YES;
				IPHONEOS_DEPLOYMENT_TARGET = 16.1;
				MTL_ENABLE_DEBUG_INFO = INCLUDE_SOURCE;
				MTL_FAST_MATH = YES;
				ONLY_ACTIVE_ARCH = YES;
				SDKROOT = iphoneos;
				SWIFT_ACTIVE_COMPILATION_CONDITIONS = DEBUG;
				SWIFT_OPTIMIZATION_LEVEL = "-Onone";
			};
			name = Debug;
		};
		0CDA5ECB2B238A7A009DB729 /* Release */ = {
			isa = XCBuildConfiguration;
			buildSettings = {
				ALWAYS_SEARCH_USER_PATHS = NO;
				CLANG_ANALYZER_NONNULL = YES;
				CLANG_ANALYZER_NUMBER_OBJECT_CONVERSION = YES_AGGRESSIVE;
				CLANG_CXX_LANGUAGE_STANDARD = "gnu++20";
				CLANG_ENABLE_MODULES = YES;
				CLANG_ENABLE_OBJC_ARC = YES;
				CLANG_ENABLE_OBJC_WEAK = YES;
				CLANG_WARN_BLOCK_CAPTURE_AUTORELEASING = YES;
				CLANG_WARN_BOOL_CONVERSION = YES;
				CLANG_WARN_COMMA = YES;
				CLANG_WARN_CONSTANT_CONVERSION = YES;
				CLANG_WARN_DEPRECATED_OBJC_IMPLEMENTATIONS = YES;
				CLANG_WARN_DIRECT_OBJC_ISA_USAGE = YES_ERROR;
				CLANG_WARN_DOCUMENTATION_COMMENTS = YES;
				CLANG_WARN_EMPTY_BODY = YES;
				CLANG_WARN_ENUM_CONVERSION = YES;
				CLANG_WARN_INFINITE_RECURSION = YES;
				CLANG_WARN_INT_CONVERSION = YES;
				CLANG_WARN_NON_LITERAL_NULL_CONVERSION = YES;
				CLANG_WARN_OBJC_IMPLICIT_RETAIN_SELF = YES;
				CLANG_WARN_OBJC_LITERAL_CONVERSION = YES;
				CLANG_WARN_OBJC_ROOT_CLASS = YES_ERROR;
				CLANG_WARN_QUOTED_INCLUDE_IN_FRAMEWORK_HEADER = YES;
				CLANG_WARN_RANGE_LOOP_ANALYSIS = YES;
				CLANG_WARN_STRICT_PROTOTYPES = YES;
				CLANG_WARN_SUSPICIOUS_MOVE = YES;
				CLANG_WARN_UNGUARDED_AVAILABILITY = YES_AGGRESSIVE;
				CLANG_WARN_UNREACHABLE_CODE = YES;
				CLANG_WARN__DUPLICATE_METHOD_MATCH = YES;
				COPY_PHASE_STRIP = NO;
				DEBUG_INFORMATION_FORMAT = "dwarf-with-dsym";
				ENABLE_NS_ASSERTIONS = NO;
				ENABLE_STRICT_OBJC_MSGSEND = YES;
				GCC_C_LANGUAGE_STANDARD = gnu11;
				GCC_NO_COMMON_BLOCKS = YES;
				GCC_WARN_64_TO_32_BIT_CONVERSION = YES;
				GCC_WARN_ABOUT_RETURN_TYPE = YES_ERROR;
				GCC_WARN_UNDECLARED_SELECTOR = YES;
				GCC_WARN_UNINITIALIZED_AUTOS = YES_AGGRESSIVE;
				GCC_WARN_UNUSED_FUNCTION = YES;
				GCC_WARN_UNUSED_VARIABLE = YES;
				IPHONEOS_DEPLOYMENT_TARGET = 16.1;
				MTL_ENABLE_DEBUG_INFO = NO;
				MTL_FAST_MATH = YES;
				SDKROOT = iphoneos;
				SWIFT_COMPILATION_MODE = wholemodule;
				SWIFT_OPTIMIZATION_LEVEL = "-O";
				VALIDATE_PRODUCT = YES;
			};
			name = Release;
		};
		0CDA5ECD2B238A7A009DB729 /* Debug */ = {
			isa = XCBuildConfiguration;
			buildSettings = {
				ASSETCATALOG_COMPILER_APPICON_NAME = AppIcon;
				ASSETCATALOG_COMPILER_GLOBAL_ACCENT_COLOR_NAME = AccentColor;
				CODE_SIGN_STYLE = Automatic;
				CURRENT_PROJECT_VERSION = 1;
				DEVELOPMENT_TEAM = 7B65UPPCVX;
				GENERATE_INFOPLIST_FILE = YES;
				INFOPLIST_FILE = Instgram/Info.plist;
				INFOPLIST_KEY_UIApplicationSupportsIndirectInputEvents = YES;
				INFOPLIST_KEY_UILaunchStoryboardName = LaunchScreen;
				INFOPLIST_KEY_UISupportedInterfaceOrientations = UIInterfaceOrientationPortrait;
				INFOPLIST_KEY_UISupportedInterfaceOrientations_iPad = "UIInterfaceOrientationLandscapeLeft UIInterfaceOrientationLandscapeRight UIInterfaceOrientationPortrait UIInterfaceOrientationPortraitUpsideDown";
				LD_RUNPATH_SEARCH_PATHS = (
					"$(inherited)",
					"@executable_path/Frameworks",
				);
				MARKETING_VERSION = 1.0;
				PRODUCT_BUNDLE_IDENTIFIER = ahlam.Instgram;
				PRODUCT_NAME = "$(TARGET_NAME)";
				SWIFT_EMIT_LOC_STRINGS = YES;
				SWIFT_VERSION = 5.0;
				TARGETED_DEVICE_FAMILY = "1,2";
			};
			name = Debug;
		};
		0CDA5ECE2B238A7A009DB729 /* Release */ = {
			isa = XCBuildConfiguration;
			buildSettings = {
				ASSETCATALOG_COMPILER_APPICON_NAME = AppIcon;
				ASSETCATALOG_COMPILER_GLOBAL_ACCENT_COLOR_NAME = AccentColor;
				CODE_SIGN_STYLE = Automatic;
				CURRENT_PROJECT_VERSION = 1;
				DEVELOPMENT_TEAM = 7B65UPPCVX;
				GENERATE_INFOPLIST_FILE = YES;
				INFOPLIST_FILE = Instgram/Info.plist;
				INFOPLIST_KEY_UIApplicationSupportsIndirectInputEvents = YES;
				INFOPLIST_KEY_UILaunchStoryboardName = LaunchScreen;
				INFOPLIST_KEY_UISupportedInterfaceOrientations = UIInterfaceOrientationPortrait;
				INFOPLIST_KEY_UISupportedInterfaceOrientations_iPad = "UIInterfaceOrientationLandscapeLeft UIInterfaceOrientationLandscapeRight UIInterfaceOrientationPortrait UIInterfaceOrientationPortraitUpsideDown";
				LD_RUNPATH_SEARCH_PATHS = (
					"$(inherited)",
					"@executable_path/Frameworks",
				);
				MARKETING_VERSION = 1.0;
				PRODUCT_BUNDLE_IDENTIFIER = ahlam.Instgram;
				PRODUCT_NAME = "$(TARGET_NAME)";
				SWIFT_EMIT_LOC_STRINGS = YES;
				SWIFT_VERSION = 5.0;
				TARGETED_DEVICE_FAMILY = "1,2";
			};
			name = Release;
		};
/* End XCBuildConfiguration section */

/* Begin XCConfigurationList section */
		0CDA5EB32B238A79009DB729 /* Build configuration list for PBXProject "Instgram" */ = {
			isa = XCConfigurationList;
			buildConfigurations = (
				0CDA5ECA2B238A7A009DB729 /* Debug */,
				0CDA5ECB2B238A7A009DB729 /* Release */,
			);
			defaultConfigurationIsVisible = 0;
			defaultConfigurationName = Release;
		};
		0CDA5ECC2B238A7A009DB729 /* Build configuration list for PBXNativeTarget "Instgram" */ = {
			isa = XCConfigurationList;
			buildConfigurations = (
				0CDA5ECD2B238A7A009DB729 /* Debug */,
				0CDA5ECE2B238A7A009DB729 /* Release */,
			);
			defaultConfigurationIsVisible = 0;
			defaultConfigurationName = Release;
		};
/* End XCConfigurationList section */

/* Begin XCRemoteSwiftPackageReference section */
		0C29CF082B35DF8F0022D550 /* XCRemoteSwiftPackageReference "GoogleSignIn-iOS" */ = {
			isa = XCRemoteSwiftPackageReference;
			repositoryURL = "https://github.com/google/GoogleSignIn-iOS";
			requirement = {
				kind = upToNextMajorVersion;
				minimumVersion = 7.0.0;
			};
		};
		0C29CF0E2B35F7DD0022D550 /* XCRemoteSwiftPackageReference "firebase-ios-sdk" */ = {
			isa = XCRemoteSwiftPackageReference;
			repositoryURL = "https://github.com/firebase/firebase-ios-sdk.git";
			requirement = {
				branch = main;
				kind = branch;
			};
		};
		0C29CF1B2B35FA540022D550 /* XCRemoteSwiftPackageReference "facebook-ios-sdk" */ = {
			isa = XCRemoteSwiftPackageReference;
			repositoryURL = "https://github.com/facebook/facebook-ios-sdk";
			requirement = {
				branch = main;
				kind = branch;
			};
		};
/* End XCRemoteSwiftPackageReference section */

/* Begin XCSwiftPackageProductDependency section */
		0C29CF092B35DF8F0022D550 /* GoogleSignIn */ = {
			isa = XCSwiftPackageProductDependency;
			package = 0C29CF082B35DF8F0022D550 /* XCRemoteSwiftPackageReference "GoogleSignIn-iOS" */;
			productName = GoogleSignIn;
		};
		0C29CF0B2B35DF8F0022D550 /* GoogleSignInSwift */ = {
			isa = XCSwiftPackageProductDependency;
			package = 0C29CF082B35DF8F0022D550 /* XCRemoteSwiftPackageReference "GoogleSignIn-iOS" */;
			productName = GoogleSignInSwift;
		};
		0C29CF0F2B35F7DD0022D550 /* FirebaseAuth */ = {
			isa = XCSwiftPackageProductDependency;
			package = 0C29CF0E2B35F7DD0022D550 /* XCRemoteSwiftPackageReference "firebase-ios-sdk" */;
			productName = FirebaseAuth;
		};
		0C29CF112B35F7DD0022D550 /* FirebaseCrashlytics */ = {
			isa = XCSwiftPackageProductDependency;
			package = 0C29CF0E2B35F7DD0022D550 /* XCRemoteSwiftPackageReference "firebase-ios-sdk" */;
			productName = FirebaseCrashlytics;
		};
		0C29CF132B35F7DD0022D550 /* FirebaseDatabase */ = {
			isa = XCSwiftPackageProductDependency;
			package = 0C29CF0E2B35F7DD0022D550 /* XCRemoteSwiftPackageReference "firebase-ios-sdk" */;
			productName = FirebaseDatabase;
		};
		0C29CF152B35F7DD0022D550 /* FirebaseDatabaseSwift */ = {
			isa = XCSwiftPackageProductDependency;
			package = 0C29CF0E2B35F7DD0022D550 /* XCRemoteSwiftPackageReference "firebase-ios-sdk" */;
			productName = FirebaseDatabaseSwift;
		};
		0C29CF172B35F7DD0022D550 /* FirebaseFirestore */ = {
			isa = XCSwiftPackageProductDependency;
			package = 0C29CF0E2B35F7DD0022D550 /* XCRemoteSwiftPackageReference "firebase-ios-sdk" */;
			productName = FirebaseFirestore;
		};
		0C29CF192B35F7DD0022D550 /* FirebaseStorage */ = {
			isa = XCSwiftPackageProductDependency;
			package = 0C29CF0E2B35F7DD0022D550 /* XCRemoteSwiftPackageReference "firebase-ios-sdk" */;
			productName = FirebaseStorage;
		};
		0C29CF1C2B35FA540022D550 /* FacebookAEM */ = {
			isa = XCSwiftPackageProductDependency;
			package = 0C29CF1B2B35FA540022D550 /* XCRemoteSwiftPackageReference "facebook-ios-sdk" */;
			productName = FacebookAEM;
		};
		0C29CF1E2B35FA540022D550 /* FacebookBasics */ = {
			isa = XCSwiftPackageProductDependency;
			package = 0C29CF1B2B35FA540022D550 /* XCRemoteSwiftPackageReference "facebook-ios-sdk" */;
			productName = FacebookBasics;
		};
		0C29CF202B35FA540022D550 /* FacebookCore */ = {
			isa = XCSwiftPackageProductDependency;
			package = 0C29CF1B2B35FA540022D550 /* XCRemoteSwiftPackageReference "facebook-ios-sdk" */;
			productName = FacebookCore;
		};
		0C29CF222B35FA540022D550 /* FacebookGamingServices */ = {
			isa = XCSwiftPackageProductDependency;
			package = 0C29CF1B2B35FA540022D550 /* XCRemoteSwiftPackageReference "facebook-ios-sdk" */;
			productName = FacebookGamingServices;
		};
		0C29CF242B35FA540022D550 /* FacebookLogin */ = {
			isa = XCSwiftPackageProductDependency;
			package = 0C29CF1B2B35FA540022D550 /* XCRemoteSwiftPackageReference "facebook-ios-sdk" */;
			productName = FacebookLogin;
		};
		0C29CF262B35FA540022D550 /* FacebookShare */ = {
			isa = XCSwiftPackageProductDependency;
			package = 0C29CF1B2B35FA540022D550 /* XCRemoteSwiftPackageReference "facebook-ios-sdk" */;
			productName = FacebookShare;
		};
		0C29CF292B35FC4D0022D550 /* FirebaseAnalytics */ = {
			isa = XCSwiftPackageProductDependency;
			package = 0C29CF0E2B35F7DD0022D550 /* XCRemoteSwiftPackageReference "firebase-ios-sdk" */;
			productName = FirebaseAnalytics;
		};
/* End XCSwiftPackageProductDependency section */
	};
	rootObject = 0CDA5EB02B238A79009DB729 /* Project object */;
}
